<?xml version="1.0" encoding="utf-8"?>
<Project ToolsVersion="4.0" xmlns="http://schemas.microsoft.com/developer/msbuild/2003">
  <ItemGroup>
    <Filter Include="lcCore">
      <UniqueIdentifier>{4FC737F1-C7A5-4376-A066-2A32D752A2FF}</UniqueIdentifier>
      <Extensions>cpp;c;cc;cxx;def;odl;idl;hpj;bat;asm;asmx</Extensions>
    </Filter>
    <Filter Include="lcGraphics">
      <UniqueIdentifier>{4a62f948-ec72-4da8-bc8b-24d20fe0d273}</UniqueIdentifier>
    </Filter>
    <Filter Include="lcInput">
      <UniqueIdentifier>{48617782-8ebf-4119-8ad8-c3ad3d99d13f}</UniqueIdentifier>
    </Filter>
    <Filter Include="lcPrimatives">
      <UniqueIdentifier>{874db339-f7a0-4970-b71d-1bb07bfe98df}</UniqueIdentifier>
    </Filter>
    <Filter Include="lcProperties">
      <UniqueIdentifier>{ec43d0e6-727f-4744-ba19-500ebc2f8b89}</UniqueIdentifier>
    </Filter>
  </ItemGroup>
  <ItemGroup>
    <ClCompile Include="lcCore\lcAppBase.cpp">
      <Filter>lcCore</Filter>
    </ClCompile>
    <ClCompile Include="lcCore\lcNode.cpp">
      <Filter>lcCore</Filter>
    </ClCompile>
    <ClCompile Include="lcCore\lcTimers.cpp">
      <Filter>lcCore</Filter>
    </ClCompile>
    <ClCompile Include="lcCore\lcUtilities.cpp">
      <Filter>lcCore</Filter>
    </ClCompile>
    <ClCompile Include="lcCore\lcWindow.cpp">
      <Filter>lcCore</Filter>
    </ClCompile>
    <ClCompile Include="lcGraphics\lcCamera.cpp">
      <Filter>lcGraphics</Filter>
    </ClCompile>
    <ClCompile Include="lcGraphics\lcRenderer.cpp">
      <Filter>lcGraphics</Filter>
    </ClCompile>
    <ClCompile Include="lcInput\lcKeyboard.cpp">
      <Filter>lcInput</Filter>
    </ClCompile>
    <ClCompile Include="lcInput\lcMouse.cpp">
      <Filter>lcInput</Filter>
    </ClCompile>
    <ClCompile Include="lcPrimatives\lcMesh.cpp">
      <Filter>lcPrimatives</Filter>
    </ClCompile>
    <ClCompile Include="lcProperties\lcProperty.cpp">
      <Filter>lcProperties</Filter>
    </ClCompile>
    <ClCompile Include="lcProperties\lcShaderProperty.cpp">
      <Filter>lcProperties</Filter>
    </ClCompile>
  </ItemGroup>
  <ItemGroup>
    <ClInclude Include="lcCore\lcAppBase.h">
      <Filter>lcCore</Filter>
    </ClInclude>
    <ClInclude Include="lcCore\lcNode.h">
      <Filter>lcCore</Filter>
    </ClInclude>
    <ClInclude Include="lcCore\lcTimers.h">
      <Filter>lcCore</Filter>
    </ClInclude>
    <ClInclude Include="lcCore\lcUtilities.h">
      <Filter>lcCore</Filter>
    </ClInclude>
    <ClInclude Include="lcCore\lcWindow.h">
      <Filter>lcCore</Filter>
    </ClInclude>
    <ClInclude Include="lcGraphics\lcCamera.h">
      <Filter>lcGraphics</Filter>
    </ClInclude>
    <ClInclude Include="lcGraphics\lcRenderer.h">
      <Filter>lcGraphics</Filter>
    </ClInclude>
    <ClInclude Include="lcInput\lcKeyboard.h">
      <Filter>lcInput</Filter>
    </ClInclude>
    <ClInclude Include="lcInput\lcMouse.h">
      <Filter>lcInput</Filter>
    </ClInclude>
    <ClInclude Include="lcPrimatives\lcCube.h">
      <Filter>lcPrimatives</Filter>
    </ClInclude>
    <ClInclude Include="lcPrimatives\lcLine.h">
      <Filter>lcPrimatives</Filter>
    </ClInclude>
    <ClInclude Include="lcPrimatives\lcMatrix.h">
      <Filter>lcPrimatives</Filter>
    </ClInclude>
    <ClInclude Include="lcPrimatives\lcMesh.h">
      <Filter>lcPrimatives</Filter>
    </ClInclude>
    <ClInclude Include="lcPrimatives\lcQuad.h">
      <Filter>lcPrimatives</Filter>
    </ClInclude>
    <ClInclude Include="lcPrimatives\lcTriangle.h">
      <Filter>lcPrimatives</Filter>
    </ClInclude>
    <ClInclude Include="lcProperties\lcProperty.h">
      <Filter>lcProperties</Filter>
    </ClInclude>
    <ClInclude Include="lcProperties\lcShaderProperty.h">
      <Filter>lcProperties</Filter>
    </ClInclude>
  </ItemGroup>
</Project>