<?xml version="1.0" encoding="utf-8"?>
<Project ToolsVersion="4.0" xmlns="http://schemas.microsoft.com/developer/msbuild/2003">
  <ItemGroup>
    <Filter Include="lmCore">
      <UniqueIdentifier>{1a1f1fa1-2d11-4ea7-968c-b20f75dc1596}</UniqueIdentifier>
    </Filter>
    <Filter Include="lmMatrices">
      <UniqueIdentifier>{17af4011-2875-4909-98a9-88d4ee225631}</UniqueIdentifier>
    </Filter>
    <Filter Include="lmVectors">
      <UniqueIdentifier>{20be7937-09bd-4c62-b5ab-118027ef1155}</UniqueIdentifier>
    </Filter>
  </ItemGroup>
  <ItemGroup>
    <ClInclude Include="lmCore\lmCore.h">
      <Filter>lmCore</Filter>
    </ClInclude>
    <ClInclude Include="lmVectors\lmVec4.h">
      <Filter>lmVectors</Filter>
    </ClInclude>
    <ClInclude Include="lmCore\lmBoot.h">
      <Filter>lmCore</Filter>
    </ClInclude>
    <ClInclude Include="lmMatrices\lmMatrix3.h">
      <Filter>lmMatrices</Filter>
    </ClInclude>
    <ClInclude Include="lmVectors\lmVec3.h">
      <Filter>lmVectors</Filter>
    </ClInclude>
    <ClInclude Include="lmVectors\lmVec2.h">
      <Filter>lmVectors</Filter>
    </ClInclude>
    <ClInclude Include="lmMatrices\lmMatrix4.h">
      <Filter>lmMatrices</Filter>
    </ClInclude>
  </ItemGroup>
  <ItemGroup>
    <ClCompile Include="lmCore\lmCore.cpp">
      <Filter>lmCore</Filter>
    </ClCompile>
    <ClCompile Include="main.cpp" />
    <ClCompile Include="lmVectors\lmVec4.cpp">
      <Filter>lmVectors</Filter>
    </ClCompile>
    <ClCompile Include="lmCore\lmBoot.cpp">
      <Filter>lmCore</Filter>
    </ClCompile>
    <ClCompile Include="lmVectors\lmVec3.cpp">
      <Filter>lmVectors</Filter>
    </ClCompile>
    <ClCompile Include="lmMatrices\lmMatrix3.cpp">
      <Filter>lmMatrices</Filter>
    </ClCompile>
    <ClCompile Include="lmVectors\lmVec2.cpp">
      <Filter>lmVectors</Filter>
    </ClCompile>
    <ClCompile Include="lmMatrices\lmMatrix4.cpp">
      <Filter>lmMatrices</Filter>
    </ClCompile>
  </ItemGroup>
  <ItemGroup>
    <None Include="lmVectors\lmVec4.inl">
      <Filter>lmVectors</Filter>
    </None>
    <None Include="lmVectors\lmVec3.inl">
      <Filter>lmVectors</Filter>
    </None>
    <None Include="lmMatrices\lmMatrix3.inl">
      <Filter>lmMatrices</Filter>
    </None>
    <None Include="lmVectors\lmVec2.inl">
      <Filter>lmVectors</Filter>
    </None>
    <None Include="lmMatrices\lmMatrix4.inl">
      <Filter>lmMatrices</Filter>
    </None>
  </ItemGroup>
</Project>